
Microsoft Visual Studio Solution File, Format Version 12.00
# Visual Studio Version 17
VisualStudioVersion = 17.4.33213.308
MinimumVisualStudioVersion = 10.0.40219.1
Project("{FAE04EC0-301F-11D3-BF4B-00C04F79EFBC}") = "ConsultaAPI", "ConsultaAPI\ConsultaAPI.csproj", "{8041BC8B-0120-4BA7-B9B5-871FFE85585F}"
EndProject
Global
	GlobalSection(SolutionConfigurationPlatforms) = preSolution
		Debug|Any CPU = Debug|Any CPU
		Release|Any CPU = Release|Any CPU
	EndGlobalSection
	GlobalSection(ProjectConfigurationPlatforms) = postSolution
		{8041BC8B-0120-4BA7-B9B5-871FFE85585F}.Debug|Any CPU.ActiveCfg = Debug|Any CPU
		{8041BC8B-0120-4BA7-B9B5-871FFE85585F}.Debug|Any CPU.Build.0 = Debug|Any CPU
		{8041BC8B-0120-4BA7-B9B5-871FFE85585F}.Release|Any CPU.ActiveCfg = Release|Any CPU
		{8041BC8B-0120-4BA7-B9B5-871FFE85585F}.Release|Any CPU.Build.0 = Release|Any CPU
	EndGlobalSection
	GlobalSection(SolutionProperties) = preSolution
		HideSolutionNode = FALSE
	EndGlobalSection
	GlobalSection(ExtensibilityGlobals) = postSolution
		SolutionGuid = {6EF080C8-B2D2-4001-A8A7-D12F2D20C809}
	EndGlobalSection
EndGlobal
